
Microsoft Visual Studio Solution File, Format Version 12.00
# Visual Studio Version 17
VisualStudioVersion = 17.11.35312.102
MinimumVisualStudioVersion = 10.0.40219.1
Project("{FAE04EC0-301F-11D3-BF4B-00C04F79EFBC}") = "CashTrack", "CashTrack\CashTrack.csproj", "{1F8D7F45-9C13-481F-81C9-6DABAF8B235B}"
EndProject
Global
	GlobalSection(SolutionConfigurationPlatforms) = preSolution
		Debug|Any CPU = Debug|Any CPU
		Release|Any CPU = Release|Any CPU
	EndGlobalSection
	GlobalSection(ProjectConfigurationPlatforms) = postSolution
		{1F8D7F45-9C13-481F-81C9-6DABAF8B235B}.Debug|Any CPU.ActiveCfg = Debug|Any CPU
		{1F8D7F45-9C13-481F-81C9-6DABAF8B235B}.Debug|Any CPU.Build.0 = Debug|Any CPU
		{1F8D7F45-9C13-481F-81C9-6DABAF8B235B}.Release|Any CPU.ActiveCfg = Release|Any CPU
		{1F8D7F45-9C13-481F-81C9-6DABAF8B235B}.Release|Any CPU.Build.0 = Release|Any CPU
	EndGlobalSection
	GlobalSection(SolutionProperties) = preSolution
		HideSolutionNode = FALSE
	EndGlobalSection
	GlobalSection(ExtensibilityGlobals) = postSolution
		SolutionGuid = {B694D5ED-6F9E-4CD2-83D2-EF33C0F4AA15}
	EndGlobalSection
EndGlobal
